{
    "_meta": {
        "hash": {
            "sha256": "af5940f13e459bc91aca3702e932eca043380d4d74e299b4c067d7d9259cf5e7"
        },
        "pipfile-spec": 6,
        "requires": {
            "python_version": "3.6"
        },
        "sources": [
            {
                "name": "pypi",
                "url": "https://pypi.python.org/simple",
                "verify_ssl": true
            }
        ]
    },
    "default": {
        "attrs": {
            "hashes": [
                "sha256:08a96c641c3a74e44eb59afb61a24f2cb9f4d7188748e76ba4bb5edfa3cb7d1c",
                "sha256:f7b7ce16570fe9965acd6d30101a28f62fb4a7f9e926b3bbc9b61f8b04247e72"
            ],
            "version": "==19.3.0"
        },
        "certifi": {
            "hashes": [
                "sha256:e4f3620cfea4f83eedc95b24abd9cd56f3c4b146dd0177e83a21b4eb49e21e50",
                "sha256:fd7c7c74727ddcf00e9acd26bba8da604ffec95bf1c2144e67aff7a8b50e6cef"
            ],
            "version": "==2019.9.11"
        },
        "chardet": {
            "hashes": [
                "sha256:84ab92ed1c4d4f16916e05906b6b75a6c0fb5db821cc65e70cbd64a3e2a5eaae",
                "sha256:fc323ffcaeaed0e0a02bf4d117757b98aed530d9ed4531e3e15460124c106691"
            ],
            "version": "==3.0.4"
        },
        "click": {
            "hashes": [
                "sha256:2335065e6395b9e67ca716de5f7526736bfa6ceead690adf616d925bdc622b13",
                "sha256:5b94b49521f6456670fdb30cd82a4eca9412788a93fa6dd6df72c94d5a8ff2d7"
            ],
            "version": "==7.0"
        },
        "flask": {
            "hashes": [
                "sha256:0749df235e3ff61ac108f69ac178c9770caeaccad2509cb762ce1f65570a8856",
                "sha256:49f44461237b69ecd901cc7ce66feea0319b9158743dd27a2899962ab214dac1"
            ],
            "index": "pypi",
            "version": "==0.12.2"
        },
        "flask-sqlalchemy": {
            "hashes": [
                "sha256:3bc0fac969dd8c0ace01b32060f0c729565293302f0c4269beed154b46bec50b",
                "sha256:5971b9852b5888655f11db634e87725a9031e170f37c0ce7851cf83497f56e53"
            ],
            "index": "pypi",
            "version": "==2.3.2"
        },
        "idna": {
            "hashes": [
                "sha256:2c6a5de3089009e3da7c5dde64a141dbc8551d5b7f6cf4ed7c2568d0cc520a8f",
                "sha256:8c7309c718f94b3a625cb648ace320157ad16ff131ae0af362c9f21b80ef6ec4"
            ],
            "version": "==2.6"
        },
        "isort": {
            "hashes": [
                "sha256:79f46172d3a4e2e53e7016e663cc7a8b538bec525c36675fcfd2767df30b3983",
                "sha256:cd5d3fc2c16006b567a17193edf4ed9830d9454cbeb5a42ac80b36ea00c23db4"
            ],
            "index": "pypi",
            "version": "==4.2.15"
        },
        "itsdangerous": {
            "hashes": [
                "sha256:321b033d07f2a4136d3ec762eac9f16a10ccd60f53c0c91af90217ace7ba1f19",
                "sha256:b12271b2047cb23eeb98c8b5622e2e5c5e9abd9784a153e9d8ef9cb4dd09d749"
            ],
            "version": "==1.1.0"
        },
        "jinja2": {
            "hashes": [
                "sha256:74320bb91f31270f9551d46522e33af46a80c3d619f4a4bf42b3164d30b5911f",
                "sha256:9fe95f19286cfefaa917656583d020be14e7859c6b0252588391e47db34527de"
            ],
            "version": "==2.10.3"
        },
        "markupsafe": {
            "hashes": [
                "sha256:00bc623926325b26bb9605ae9eae8a215691f33cae5df11ca5424f06f2d1f473",
                "sha256:09027a7803a62ca78792ad89403b1b7a73a01c8cb65909cd876f7fcebd79b161",
                "sha256:09c4b7f37d6c648cb13f9230d847adf22f8171b1ccc4d5682398e77f40309235",
                "sha256:1027c282dad077d0bae18be6794e6b6b8c91d58ed8a8d89a89d59693b9131db5",
                "sha256:24982cc2533820871eba85ba648cd53d8623687ff11cbb805be4ff7b4c971aff",
                "sha256:29872e92839765e546828bb7754a68c418d927cd064fd4708fab9fe9c8bb116b",
                "sha256:43a55c2930bbc139570ac2452adf3d70cdbb3cfe5912c71cdce1c2c6bbd9c5d1",
                "sha256:46c99d2de99945ec5cb54f23c8cd5689f6d7177305ebff350a58ce5f8de1669e",
                "sha256:500d4957e52ddc3351cabf489e79c91c17f6e0899158447047588650b5e69183",
                "sha256:535f6fc4d397c1563d08b88e485c3496cf5784e927af890fb3c3aac7f933ec66",
                "sha256:62fe6c95e3ec8a7fad637b7f3d372c15ec1caa01ab47926cfdf7a75b40e0eac1",
                "sha256:6dd73240d2af64df90aa7c4e7481e23825ea70af4b4922f8ede5b9e35f78a3b1",
                "sha256:717ba8fe3ae9cc0006d7c451f0bb265ee07739daf76355d06366154ee68d221e",
                "sha256:79855e1c5b8da654cf486b830bd42c06e8780cea587384cf6545b7d9ac013a0b",
                "sha256:7c1699dfe0cf8ff607dbdcc1e9b9af1755371f92a68f706051cc8c37d447c905",
                "sha256:88e5fcfb52ee7b911e8bb6d6aa2fd21fbecc674eadd44118a9cc3863f938e735",
                "sha256:8defac2f2ccd6805ebf65f5eeb132adcf2ab57aa11fdf4c0dd5169a004710e7d",
                "sha256:98c7086708b163d425c67c7a91bad6e466bb99d797aa64f965e9d25c12111a5e",
                "sha256:9add70b36c5666a2ed02b43b335fe19002ee5235efd4b8a89bfcf9005bebac0d",
                "sha256:9bf40443012702a1d2070043cb6291650a0841ece432556f784f004937f0f32c",
                "sha256:ade5e387d2ad0d7ebf59146cc00c8044acbd863725f887353a10df825fc8ae21",
                "sha256:b00c1de48212e4cc9603895652c5c410df699856a2853135b3967591e4beebc2",
                "sha256:b1282f8c00509d99fef04d8ba936b156d419be841854fe901d8ae224c59f0be5",
                "sha256:b2051432115498d3562c084a49bba65d97cf251f5a331c64a12ee7e04dacc51b",
                "sha256:ba59edeaa2fc6114428f1637ffff42da1e311e29382d81b339c1817d37ec93c6",
                "sha256:c8716a48d94b06bb3b2524c2b77e055fb313aeb4ea620c8dd03a105574ba704f",
                "sha256:cd5df75523866410809ca100dc9681e301e3c27567cf498077e8551b6d20e42f",
                "sha256:e249096428b3ae81b08327a63a485ad0878de3fb939049038579ac0ef61e17e7"
            ],
            "version": "==1.1.1"
        },
        "mypy": {
            "hashes": [
                "sha256:aa668809ae0dbec5e9feb8929f4b5e1f9318a0a397447fa2f38c382a2ed6a036",
                "sha256:bd0c9a2fcf0c4f7a54a2b625f466fcc000d415f371298d96fa5d2acc69074aca"
            ],
            "index": "pypi",
            "version": "==0.560"
        },
        "pluggy": {
            "hashes": [
                "sha256:7f8ae7f5bdf75671a718d2daf0a64b7885f74510bcd98b1a0bb420eb9a9d0cff",
                "sha256:d345c8fe681115900d6da8d048ba67c25df42973bda370783cd58826442dcd7c",
                "sha256:e160a7fcf25762bb60efc7e171d4497ff1d8d2d75a3d0df7a21b76821ecbf5c5"
            ],
            "version": "==0.6.0"
        },
        "psutil": {
            "hashes": [
                "sha256:1c19957883e0b93d081d41687089ad630e370e26dc49fd9df6951d6c891c4736",
                "sha256:1c71b9716790e202a00ab0931a6d1e25db1aa1198bcacaea2f5329f75d257fff",
                "sha256:3b7a4daf4223dae171a67a89314ac5ca0738e94064a78d99cfd751c55d05f315",
                "sha256:3e19be3441134445347af3767fa7770137d472a484070840eee6653b94ac5576",
                "sha256:6e265c8f3da00b015d24b842bfeb111f856b13d24f2c57036582568dc650d6c3",
                "sha256:809c9cef0402e3e48b5a1dddc390a8a6ff58b15362ea5714494073fa46c3d293",
                "sha256:b4d1b735bf5b120813f4c89db8ac22d89162c558cbd7fdd298866125fe906219",
                "sha256:bbffac64cfd01c6bcf90eb1bedc6c80501c4dae8aef4ad6d6dd49f8f05f6fc5a",
                "sha256:bfcea4f189177b2d2ce4a34b03c4ac32c5b4c22e21f5b093d9d315e6e253cd81"
            ],
            "version": "==5.4.8"
        },
        "pushbullet.py": {
            "hashes": [
                "sha256:784e4b1549e1312ed55c44ff9b8f7502987a5609f6d2511c1f4900c5b451ac19",
                "sha256:aa9dc7bb46e083e3497d46241154f12944a8f540e29d150330ca94db0b453b8d"
            ],
            "index": "pypi",
            "version": "==0.11.0"
        },
        "py": {
            "hashes": [
                "sha256:64f65755aee5b381cea27766a3a147c3f15b9b6b9ac88676de66ba2ae36793fa",
                "sha256:dc639b046a6e2cff5bbe40194ad65936d6ba360b52b3c3fe1d08a82dd50b5e53"
            ],
            "version": "==1.8.0"
        },
        "pytest": {
            "hashes": [
                "sha256:ae4a2d0bae1098bbe938ecd6c20a526d5d47a94dc42ad7331c9ad06d0efe4962",
                "sha256:cf8436dc59d8695346fcd3ab296de46425ecab00d64096cebe79fb51ecb2eb93"
            ],
            "index": "pypi",
            "version": "==3.3.1"
        },
        "python-magic": {
            "hashes": [
                "sha256:f2674dcfad52ae6c49d4803fa027809540b130db1dec928cfbb9240316831375",
                "sha256:f3765c0f582d2dfc72c15f3b5a82aecfae9498bd29ca840d72f37d7bd38bfcd5"
            ],
            "version": "==0.4.15"
        },
        "requests": {
            "hashes": [
                "sha256:6a1b267aa90cac58ac3a765d067950e7dbbf75b1da07e895d1f594193a40a38b",
                "sha256:9c443e7324ba5b85070c4a818ade28bfabedf16ea10206da1132edaa6dda237e"
            ],
            "index": "pypi",
            "version": "==2.18.4"
        },
        "six": {
            "hashes": [
                "sha256:3350809f0555b11f552448330d0b52d5f24c91a322ea4a15ef22629740f3761c",
                "sha256:d16a0141ec1a18405cd4ce8b4613101da75da0e9a7aec5bdd4fa804d0e0eba73"
            ],
            "version": "==1.12.0"
        },
        "sqlalchemy": {
            "hashes": [
                "sha256:0f0768b5db594517e1f5e1572c73d14cf295140756431270d89496dc13d5e46c"
            ],
            "version": "==1.3.10"
        },
        "typed-ast": {
            "hashes": [
                "sha256:0cf0c406af2a6472a02254fe1ced40cb81a7c1215b7ceba88a3bb9c3a864f851",
                "sha256:1b784cd3c6778cd7b99afb41ddcaa1eb5b35a399210db7fcf24ed082670e0070",
                "sha256:2d7a322c1df6cccff2381c0475c1ebf82d3e9a331e48ed4ea89bbc72a8dedca6",
                "sha256:4304399ff89452871348f6fb7a7112454cd508fbe3eb49b5ed711cce9b99fe9e",
                "sha256:4658aebc30c0af80e63b579e917c04b592bdf10ef40da381b2fd179075b5d1b6",
                "sha256:471a7f12e55ad22f7a4bb2c3e62e39e3ab78008b24c61c48c9042e63b7359bb9",
                "sha256:57cb23412dac214383c6b6f0f7b0aec2d0c001a936af20f0b53542bbe4ba08a7",
                "sha256:5eb14e6b3aa5ff5d7e964b978a718227b5576b3965f1dd71dd055f71054233a5",
                "sha256:8219b6147af4d609096b6db2c797281e19fd3f7232ef35932bc74a812ff417a0",
                "sha256:8a7e9635cf0aaca04b2a4d4b3501c0dbc5c49a140b2e55b00e218d41ed2a69c8",
                "sha256:935157ada4aa115d61c59e759e43c5862b04d19ffe6fe5c9d735716587535cb7",
                "sha256:9525f4cbe3eb7b9e19a87c765ca9bbc1147ce18f75059e15138eb7fc59ce02e3",
                "sha256:99c140583eef6b50f3de4af44718a4fc63108671b29c468b5ff83ed383facf6d",
                "sha256:9e358ce6d4c43a90c15b99b76261adc852998680628c780f26fd64bc21adb9fa",
                "sha256:aaf63a024b54d2788cff3400de79009ee8a23594b581d4f33d90b7c67f8c05bd",
                "sha256:c3313b3fa1b6b722866eda370c14fd8f4962b6bcd1f6d43f42d6818a8b29d998",
                "sha256:c9342947e5f3480473d836754d69965a12ac2237d99ae85d1e3fdd1c1722669f",
                "sha256:cb1c7e5b3195103f5a784db7969fc55463cfae9b354e3b97cc219d32293d5e65",
                "sha256:d2d2cce74165cae2663167c921e331fb0eecfff2e93254dfdb16beb99716e519",
                "sha256:d6fc3b9fbf67d556223aa5493501022e1d585b9a1892fa87ba1257627763c461",
                "sha256:fa4eafaa57074958f065c2a6222d8f11162739f8c9db125472a1f04794a0b91d"
            ],
            "version": "==1.1.2"
        },
        "urllib3": {
            "hashes": [
                "sha256:06330f386d6e4b195fbfc736b297f58c5a892e4440e54d294d7004e3a9bbea1b",
                "sha256:cc44da8e1145637334317feebd728bd869a35285b93cbb4cca2577da7e62db4f"
            ],
            "version": "==1.22"
        },
        "websocket-client": {
            "hashes": [
                "sha256:1151d5fb3a62dc129164292e1227655e4bbc5dd5340a5165dfae61128ec50aa9",
                "sha256:1fd5520878b68b84b5748bb30e592b10d0a91529d5383f74f4964e72b297fd3a"
            ],
            "version": "==0.56.0"
        },
        "werkzeug": {
            "hashes": [
                "sha256:97660b282aa7e29f94f3fe378e5c7162d7ab9d601a8dbb1cbb2ffc8f0e54607d",
                "sha256:cfd1281b1748288e59762c0e174d64d8bcb2b70e7c57bc4a1203c8825af24ac3"
            ],
            "index": "pypi",
            "version": "==0.15.3"
        }
    },
    "develop": {}
}
